
Microsoft Visual Studio Solution File, Format Version 12.00
# Visual Studio 14
VisualStudioVersion = 14.0.23107.0
MinimumVisualStudioVersion = 10.0.40219.1
Project("{FAE04EC0-301F-11D3-BF4B-00C04F79EFBC}") = "msswit2013-lab1.web", "msswit2013-lab1.web\msswit2013-lab1.web.csproj", "{2F26A3DC-E8D8-4E96-AB9E-33D0C68B4976}"
EndProject
Project("{FAE04EC0-301F-11D3-BF4B-00C04F79EFBC}") = "msswit2013-lab1.core", "msswit2013-lab1.core\msswit2013-lab1.core.csproj", "{0F417C4F-02AB-4562-82FA-E1DD1C7A98B9}"
EndProject
Project("{FAE04EC0-301F-11D3-BF4B-00C04F79EFBC}") = "msswit2013-lab1.console", "msswit2013-lab1.console\msswit2013-lab1.console.csproj", "{F6D1DF19-38CC-4A58-B2B9-6AB52D3FBB56}"
EndProject
Global
	GlobalSection(SolutionConfigurationPlatforms) = preSolution
		Debug|Any CPU = Debug|Any CPU
		Release|Any CPU = Release|Any CPU
	EndGlobalSection
	GlobalSection(ProjectConfigurationPlatforms) = postSolution
		{2F26A3DC-E8D8-4E96-AB9E-33D0C68B4976}.Debug|Any CPU.ActiveCfg = Debug|Any CPU
		{2F26A3DC-E8D8-4E96-AB9E-33D0C68B4976}.Debug|Any CPU.Build.0 = Debug|Any CPU
		{2F26A3DC-E8D8-4E96-AB9E-33D0C68B4976}.Release|Any CPU.ActiveCfg = Release|Any CPU
		{2F26A3DC-E8D8-4E96-AB9E-33D0C68B4976}.Release|Any CPU.Build.0 = Release|Any CPU
		{0F417C4F-02AB-4562-82FA-E1DD1C7A98B9}.Debug|Any CPU.ActiveCfg = Debug|Any CPU
		{0F417C4F-02AB-4562-82FA-E1DD1C7A98B9}.Debug|Any CPU.Build.0 = Debug|Any CPU
		{0F417C4F-02AB-4562-82FA-E1DD1C7A98B9}.Release|Any CPU.ActiveCfg = Release|Any CPU
		{0F417C4F-02AB-4562-82FA-E1DD1C7A98B9}.Release|Any CPU.Build.0 = Release|Any CPU
		{F6D1DF19-38CC-4A58-B2B9-6AB52D3FBB56}.Debug|Any CPU.ActiveCfg = Debug|Any CPU
		{F6D1DF19-38CC-4A58-B2B9-6AB52D3FBB56}.Debug|Any CPU.Build.0 = Debug|Any CPU
		{F6D1DF19-38CC-4A58-B2B9-6AB52D3FBB56}.Release|Any CPU.ActiveCfg = Release|Any CPU
		{F6D1DF19-38CC-4A58-B2B9-6AB52D3FBB56}.Release|Any CPU.Build.0 = Release|Any CPU
	EndGlobalSection
	GlobalSection(SolutionProperties) = preSolution
		HideSolutionNode = FALSE
	EndGlobalSection
EndGlobal
